// !$*UTF8*$!
{
	archiveVersion = 1;
	classes = {
	};
	objectVersion = 46;
	objects = {

/* Begin PBXBuildFile section */
		43952F6D1E43C595001EE516 /* AppDelegate.swift in Sources */ = {isa = PBXBuildFile; fileRef = 43952F6C1E43C595001EE516 /* AppDelegate.swift */; };
		43952F6F1E43C595001EE516 /* MainVC.swift in Sources */ = {isa = PBXBuildFile; fileRef = 43952F6E1E43C595001EE516 /* MainVC.swift */; };
		43952F721E43C595001EE516 /* Main.storyboard in Resources */ = {isa = PBXBuildFile; fileRef = 43952F701E43C595001EE516 /* Main.storyboard */; };
		43952F751E43C595001EE516 /* DreamLister.xcdatamodeld in Sources */ = {isa = PBXBuildFile; fileRef = 43952F731E43C595001EE516 /* DreamLister.xcdatamodeld */; };
		43952F771E43C595001EE516 /* Assets.xcassets in Resources */ = {isa = PBXBuildFile; fileRef = 43952F761E43C595001EE516 /* Assets.xcassets */; };
		43952F7A1E43C595001EE516 /* LaunchScreen.storyboard in Resources */ = {isa = PBXBuildFile; fileRef = 43952F781E43C595001EE516 /* LaunchScreen.storyboard */; };
		43952F891E43CC1F001EE516 /* Store+CoreDataClass.swift in Sources */ = {isa = PBXBuildFile; fileRef = 43952F811E43CC1F001EE516 /* Store+CoreDataClass.swift */; };
		43952F8A1E43CC1F001EE516 /* Store+CoreDataProperties.swift in Sources */ = {isa = PBXBuildFile; fileRef = 43952F821E43CC1F001EE516 /* Store+CoreDataProperties.swift */; };
		43952F8B1E43CC1F001EE516 /* ItemType+CoreDataClass.swift in Sources */ = {isa = PBXBuildFile; fileRef = 43952F831E43CC1F001EE516 /* ItemType+CoreDataClass.swift */; };
		43952F8C1E43CC1F001EE516 /* ItemType+CoreDataProperties.swift in Sources */ = {isa = PBXBuildFile; fileRef = 43952F841E43CC1F001EE516 /* ItemType+CoreDataProperties.swift */; };
		43952F8D1E43CC1F001EE516 /* Item+CoreDataClass.swift in Sources */ = {isa = PBXBuildFile; fileRef = 43952F851E43CC1F001EE516 /* Item+CoreDataClass.swift */; };
		43952F8E1E43CC1F001EE516 /* Item+CoreDataProperties.swift in Sources */ = {isa = PBXBuildFile; fileRef = 43952F861E43CC1F001EE516 /* Item+CoreDataProperties.swift */; };
		43952F8F1E43CC1F001EE516 /* Image+CoreDataClass.swift in Sources */ = {isa = PBXBuildFile; fileRef = 43952F871E43CC1F001EE516 /* Image+CoreDataClass.swift */; };
		43952F901E43CC1F001EE516 /* Image+CoreDataProperties.swift in Sources */ = {isa = PBXBuildFile; fileRef = 43952F881E43CC1F001EE516 /* Image+CoreDataProperties.swift */; };
		F40CB0A11E49555500AFEDD8 /* ItemCell.swift in Sources */ = {isa = PBXBuildFile; fileRef = F40CB0A01E49555500AFEDD8 /* ItemCell.swift */; };
		F44E5E5C1E4456D200913093 /* MaterialView.swift in Sources */ = {isa = PBXBuildFile; fileRef = F44E5E5B1E4456D200913093 /* MaterialView.swift */; };
		F4E7DC251E496F1F005120C7 /* ItemDetailsVC.swift in Sources */ = {isa = PBXBuildFile; fileRef = F4E7DC241E496F1F005120C7 /* ItemDetailsVC.swift */; };
		F4E7DC291E497486005120C7 /* CustomTextField.swift in Sources */ = {isa = PBXBuildFile; fileRef = F4E7DC281E497486005120C7 /* CustomTextField.swift */; };
/* End PBXBuildFile section */

/* Begin PBXFileReference section */
		43952F691E43C595001EE516 /* DreamLister.app */ = {isa = PBXFileReference; explicitFileType = wrapper.application; includeInIndex = 0; path = DreamLister.app; sourceTree = BUILT_PRODUCTS_DIR; };
		43952F6C1E43C595001EE516 /* AppDelegate.swift */ = {isa = PBXFileReference; lastKnownFileType = sourcecode.swift; path = AppDelegate.swift; sourceTree = "<group>"; };
		43952F6E1E43C595001EE516 /* MainVC.swift */ = {isa = PBXFileReference; lastKnownFileType = sourcecode.swift; path = MainVC.swift; sourceTree = "<group>"; };
		43952F711E43C595001EE516 /* Base */ = {isa = PBXFileReference; lastKnownFileType = file.storyboard; name = Base; path = Base.lproj/Main.storyboard; sourceTree = "<group>"; };
		43952F741E43C595001EE516 /* DreamLister.xcdatamodel */ = {isa = PBXFileReference; lastKnownFileType = wrapper.xcdatamodel; path = DreamLister.xcdatamodel; sourceTree = "<group>"; };
		43952F761E43C595001EE516 /* Assets.xcassets */ = {isa = PBXFileReference; lastKnownFileType = folder.assetcatalog; path = Assets.xcassets; sourceTree = "<group>"; };
		43952F791E43C595001EE516 /* Base */ = {isa = PBXFileReference; lastKnownFileType = file.storyboard; name = Base; path = Base.lproj/LaunchScreen.storyboard; sourceTree = "<group>"; };
		43952F7B1E43C595001EE516 /* Info.plist */ = {isa = PBXFileReference; lastKnownFileType = text.plist.xml; path = Info.plist; sourceTree = "<group>"; };
		43952F811E43CC1F001EE516 /* Store+CoreDataClass.swift */ = {isa = PBXFileReference; fileEncoding = 4; lastKnownFileType = sourcecode.swift; path = "Store+CoreDataClass.swift"; sourceTree = "<group>"; };
		43952F821E43CC1F001EE516 /* Store+CoreDataProperties.swift */ = {isa = PBXFileReference; fileEncoding = 4; lastKnownFileType = sourcecode.swift; path = "Store+CoreDataProperties.swift"; sourceTree = "<group>"; };
		43952F831E43CC1F001EE516 /* ItemType+CoreDataClass.swift */ = {isa = PBXFileReference; fileEncoding = 4; lastKnownFileType = sourcecode.swift; path = "ItemType+CoreDataClass.swift"; sourceTree = "<group>"; };
		43952F841E43CC1F001EE516 /* ItemType+CoreDataProperties.swift */ = {isa = PBXFileReference; fileEncoding = 4; lastKnownFileType = sourcecode.swift; path = "ItemType+CoreDataProperties.swift"; sourceTree = "<group>"; };
		43952F851E43CC1F001EE516 /* Item+CoreDataClass.swift */ = {isa = PBXFileReference; fileEncoding = 4; lastKnownFileType = sourcecode.swift; path = "Item+CoreDataClass.swift"; sourceTree = "<group>"; };
		43952F861E43CC1F001EE516 /* Item+CoreDataProperties.swift */ = {isa = PBXFileReference; fileEncoding = 4; lastKnownFileType = sourcecode.swift; path = "Item+CoreDataProperties.swift"; sourceTree = "<group>"; };
		43952F871E43CC1F001EE516 /* Image+CoreDataClass.swift */ = {isa = PBXFileReference; fileEncoding = 4; lastKnownFileType = sourcecode.swift; path = "Image+CoreDataClass.swift"; sourceTree = "<group>"; };
		43952F881E43CC1F001EE516 /* Image+CoreDataProperties.swift */ = {isa = PBXFileReference; fileEncoding = 4; lastKnownFileType = sourcecode.swift; path = "Image+CoreDataProperties.swift"; sourceTree = "<group>"; };
		F40CB0A01E49555500AFEDD8 /* ItemCell.swift */ = {isa = PBXFileReference; fileEncoding = 4; lastKnownFileType = sourcecode.swift; path = ItemCell.swift; sourceTree = "<group>"; };
		F44E5E5B1E4456D200913093 /* MaterialView.swift */ = {isa = PBXFileReference; fileEncoding = 4; lastKnownFileType = sourcecode.swift; path = MaterialView.swift; sourceTree = "<group>"; };
		F4E7DC241E496F1F005120C7 /* ItemDetailsVC.swift */ = {isa = PBXFileReference; fileEncoding = 4; lastKnownFileType = sourcecode.swift; path = ItemDetailsVC.swift; sourceTree = "<group>"; };
		F4E7DC281E497486005120C7 /* CustomTextField.swift */ = {isa = PBXFileReference; fileEncoding = 4; lastKnownFileType = sourcecode.swift; path = CustomTextField.swift; sourceTree = "<group>"; };
/* End PBXFileReference section */

/* Begin PBXFrameworksBuildPhase section */
		43952F661E43C594001EE516 /* Frameworks */ = {
			isa = PBXFrameworksBuildPhase;
			buildActionMask = 2147483647;
			files = (
			);
			runOnlyForDeploymentPostprocessing = 0;
		};
/* End PBXFrameworksBuildPhase section */

/* Begin PBXGroup section */
		43952F601E43C594001EE516 = {
			isa = PBXGroup;
			children = (
				43952F6B1E43C595001EE516 /* DreamLister */,
				43952F6A1E43C595001EE516 /* Products */,
			);
			sourceTree = "<group>";
		};
		43952F6A1E43C595001EE516 /* Products */ = {
			isa = PBXGroup;
			children = (
				43952F691E43C595001EE516 /* DreamLister.app */,
			);
			name = Products;
			sourceTree = "<group>";
		};
		43952F6B1E43C595001EE516 /* DreamLister */ = {
			isa = PBXGroup;
			children = (
				43952F941E43CC4E001EE516 /* Controller */,
				43952F931E43CC49001EE516 /* View */,
				43952F911E43CC34001EE516 /* Model */,
				43952F6C1E43C595001EE516 /* AppDelegate.swift */,
				43952F701E43C595001EE516 /* Main.storyboard */,
				43952F761E43C595001EE516 /* Assets.xcassets */,
				43952F781E43C595001EE516 /* LaunchScreen.storyboard */,
				43952F7B1E43C595001EE516 /* Info.plist */,
				43952F731E43C595001EE516 /* DreamLister.xcdatamodeld */,
			);
			path = DreamLister;
			sourceTree = "<group>";
		};
		43952F911E43CC34001EE516 /* Model */ = {
			isa = PBXGroup;
			children = (
				43952F811E43CC1F001EE516 /* Store+CoreDataClass.swift */,
				43952F831E43CC1F001EE516 /* ItemType+CoreDataClass.swift */,
				43952F851E43CC1F001EE516 /* Item+CoreDataClass.swift */,
				43952F871E43CC1F001EE516 /* Image+CoreDataClass.swift */,
				43952F951E43CC71001EE516 /* Generated */,
			);
			name = Model;
			sourceTree = "<group>";
		};
		43952F931E43CC49001EE516 /* View */ = {
			isa = PBXGroup;
			children = (
				F4E7DC281E497486005120C7 /* CustomTextField.swift */,
				F44E5E5B1E4456D200913093 /* MaterialView.swift */,
				F40CB0A01E49555500AFEDD8 /* ItemCell.swift */,
			);
			name = View;
			sourceTree = "<group>";
		};
		43952F941E43CC4E001EE516 /* Controller */ = {
			isa = PBXGroup;
			children = (
				43952F6E1E43C595001EE516 /* MainVC.swift */,
				F4E7DC241E496F1F005120C7 /* ItemDetailsVC.swift */,
			);
			name = Controller;
			sourceTree = "<group>";
		};
		43952F951E43CC71001EE516 /* Generated */ = {
			isa = PBXGroup;
			children = (
				43952F821E43CC1F001EE516 /* Store+CoreDataProperties.swift */,
				43952F841E43CC1F001EE516 /* ItemType+CoreDataProperties.swift */,
				43952F861E43CC1F001EE516 /* Item+CoreDataProperties.swift */,
				43952F881E43CC1F001EE516 /* Image+CoreDataProperties.swift */,
			);
			name = Generated;
			sourceTree = "<group>";
		};
/* End PBXGroup section */

/* Begin PBXNativeTarget section */
		43952F681E43C594001EE516 /* DreamLister */ = {
			isa = PBXNativeTarget;
			buildConfigurationList = 43952F7E1E43C595001EE516 /* Build configuration list for PBXNativeTarget "DreamLister" */;
			buildPhases = (
				43952F651E43C594001EE516 /* Sources */,
				43952F661E43C594001EE516 /* Frameworks */,
				43952F671E43C594001EE516 /* Resources */,
			);
			buildRules = (
			);
			dependencies = (
			);
			name = DreamLister;
			productName = DreamLister;
			productReference = 43952F691E43C595001EE516 /* DreamLister.app */;
			productType = "com.apple.product-type.application";
		};
/* End PBXNativeTarget section */

/* Begin PBXProject section */
		43952F611E43C594001EE516 /* Project object */ = {
			isa = PBXProject;
			attributes = {
				LastSwiftUpdateCheck = 0820;
				LastUpgradeCheck = 0820;
				ORGANIZATIONNAME = "Brandon Uriel Pérez Ramírez";
				TargetAttributes = {
					43952F681E43C594001EE516 = {
						CreatedOnToolsVersion = 8.2.1;
						ProvisioningStyle = Automatic;
					};
				};
			};
			buildConfigurationList = 43952F641E43C594001EE516 /* Build configuration list for PBXProject "DreamLister" */;
			compatibilityVersion = "Xcode 3.2";
			developmentRegion = English;
			hasScannedForEncodings = 0;
			knownRegions = (
				en,
				Base,
			);
			mainGroup = 43952F601E43C594001EE516;
			productRefGroup = 43952F6A1E43C595001EE516 /* Products */;
			projectDirPath = "";
			projectRoot = "";
			targets = (
				43952F681E43C594001EE516 /* DreamLister */,
			);
		};
/* End PBXProject section */

/* Begin PBXResourcesBuildPhase section */
		43952F671E43C594001EE516 /* Resources */ = {
			isa = PBXResourcesBuildPhase;
			buildActionMask = 2147483647;
			files = (
				43952F7A1E43C595001EE516 /* LaunchScreen.storyboard in Resources */,
				43952F771E43C595001EE516 /* Assets.xcassets in Resources */,
				43952F721E43C595001EE516 /* Main.storyboard in Resources */,
			);
			runOnlyForDeploymentPostprocessing = 0;
		};
/* End PBXResourcesBuildPhase section */

/* Begin PBXSourcesBuildPhase section */
		43952F651E43C594001EE516 /* Sources */ = {
			isa = PBXSourcesBuildPhase;
			buildActionMask = 2147483647;
			files = (
				F40CB0A11E49555500AFEDD8 /* ItemCell.swift in Sources */,
				43952F8B1E43CC1F001EE516 /* ItemType+CoreDataClass.swift in Sources */,
				43952F8A1E43CC1F001EE516 /* Store+CoreDataProperties.swift in Sources */,
				43952F6F1E43C595001EE516 /* MainVC.swift in Sources */,
				F44E5E5C1E4456D200913093 /* MaterialView.swift in Sources */,
				43952F891E43CC1F001EE516 /* Store+CoreDataClass.swift in Sources */,
				43952F6D1E43C595001EE516 /* AppDelegate.swift in Sources */,
				43952F8C1E43CC1F001EE516 /* ItemType+CoreDataProperties.swift in Sources */,
				43952F8E1E43CC1F001EE516 /* Item+CoreDataProperties.swift in Sources */,
				F4E7DC251E496F1F005120C7 /* ItemDetailsVC.swift in Sources */,
				43952F8D1E43CC1F001EE516 /* Item+CoreDataClass.swift in Sources */,
				43952F751E43C595001EE516 /* DreamLister.xcdatamodeld in Sources */,
				43952F8F1E43CC1F001EE516 /* Image+CoreDataClass.swift in Sources */,
				43952F901E43CC1F001EE516 /* Image+CoreDataProperties.swift in Sources */,
				F4E7DC291E497486005120C7 /* CustomTextField.swift in Sources */,
			);
			runOnlyForDeploymentPostprocessing = 0;
		};
/* End PBXSourcesBuildPhase section */

/* Begin PBXVariantGroup section */
		43952F701E43C595001EE516 /* Main.storyboard */ = {
			isa = PBXVariantGroup;
			children = (
				43952F711E43C595001EE516 /* Base */,
			);
			name = Main.storyboard;
			sourceTree = "<group>";
		};
		43952F781E43C595001EE516 /* LaunchScreen.storyboard */ = {
			isa = PBXVariantGroup;
			children = (
				43952F791E43C595001EE516 /* Base */,
			);
			name = LaunchScreen.storyboard;
			sourceTree = "<group>";
		};
/* End PBXVariantGroup section */

/* Begin XCBuildConfiguration section */
		43952F7C1E43C595001EE516 /* Debug */ = {
			isa = XCBuildConfiguration;
			buildSettings = {
				ALWAYS_SEARCH_USER_PATHS = NO;
				CLANG_ANALYZER_NONNULL = YES;
				CLANG_CXX_LANGUAGE_STANDARD = "gnu++0x";
				CLANG_CXX_LIBRARY = "libc++";
				CLANG_ENABLE_MODULES = YES;
				CLANG_ENABLE_OBJC_ARC = YES;
				CLANG_WARN_BOOL_CONVERSION = YES;
				CLANG_WARN_CONSTANT_CONVERSION = YES;
				CLANG_WARN_DIRECT_OBJC_ISA_USAGE = YES_ERROR;
				CLANG_WARN_DOCUMENTATION_COMMENTS = YES;
				CLANG_WARN_EMPTY_BODY = YES;
				CLANG_WARN_ENUM_CONVERSION = YES;
				CLANG_WARN_INFINITE_RECURSION = YES;
				CLANG_WARN_INT_CONVERSION = YES;
				CLANG_WARN_OBJC_ROOT_CLASS = YES_ERROR;
				CLANG_WARN_SUSPICIOUS_MOVE = YES;
				CLANG_WARN_UNREACHABLE_CODE = YES;
				CLANG_WARN__DUPLICATE_METHOD_MATCH = YES;
				"CODE_SIGN_IDENTITY[sdk=iphoneos*]" = "iPhone Developer";
				COPY_PHASE_STRIP = NO;
				DEBUG_INFORMATION_FORMAT = dwarf;
				ENABLE_STRICT_OBJC_MSGSEND = YES;
				ENABLE_TESTABILITY = YES;
				GCC_C_LANGUAGE_STANDARD = gnu99;
				GCC_DYNAMIC_NO_PIC = NO;
				GCC_NO_COMMON_BLOCKS = YES;
				GCC_OPTIMIZATION_LEVEL = 0;
				GCC_PREPROCESSOR_DEFINITIONS = (
					"DEBUG=1",
					"$(inherited)",
				);
				GCC_WARN_64_TO_32_BIT_CONVERSION = YES;
				GCC_WARN_ABOUT_RETURN_TYPE = YES_ERROR;
				GCC_WARN_UNDECLARED_SELECTOR = YES;
				GCC_WARN_UNINITIALIZED_AUTOS = YES_AGGRESSIVE;
				GCC_WARN_UNUSED_FUNCTION = YES;
				GCC_WARN_UNUSED_VARIABLE = YES;
				IPHONEOS_DEPLOYMENT_TARGET = 10.2;
				MTL_ENABLE_DEBUG_INFO = YES;
				ONLY_ACTIVE_ARCH = YES;
				SDKROOT = iphoneos;
				SWIFT_ACTIVE_COMPILATION_CONDITIONS = DEBUG;
				SWIFT_OPTIMIZATION_LEVEL = "-Onone";
				TARGETED_DEVICE_FAMILY = "1,2";
			};
			name = Debug;
		};
		43952F7D1E43C595001EE516 /* Release */ = {
			isa = XCBuildConfiguration;
			buildSettings = {
				ALWAYS_SEARCH_USER_PATHS = NO;
				CLANG_ANALYZER_NONNULL = YES;
				CLANG_CXX_LANGUAGE_STANDARD = "gnu++0x";
				CLANG_CXX_LIBRARY = "libc++";
				CLANG_ENABLE_MODULES = YES;
				CLANG_ENABLE_OBJC_ARC = YES;
				CLANG_WARN_BOOL_CONVERSION = YES;
				CLANG_WARN_CONSTANT_CONVERSION = YES;
				CLANG_WARN_DIRECT_OBJC_ISA_USAGE = YES_ERROR;
				CLANG_WARN_DOCUMENTATION_COMMENTS = YES;
				CLANG_WARN_EMPTY_BODY = YES;
				CLANG_WARN_ENUM_CONVERSION = YES;
				CLANG_WARN_INFINITE_RECURSION = YES;
				CLANG_WARN_INT_CONVERSION = YES;
				CLANG_WARN_OBJC_ROOT_CLASS = YES_ERROR;
				CLANG_WARN_SUSPICIOUS_MOVE = YES;
				CLANG_WARN_UNREACHABLE_CODE = YES;
				CLANG_WARN__DUPLICATE_METHOD_MATCH = YES;
				"CODE_SIGN_IDENTITY[sdk=iphoneos*]" = "iPhone Developer";
				COPY_PHASE_STRIP = NO;
				DEBUG_INFORMATION_FORMAT = "dwarf-with-dsym";
				ENABLE_NS_ASSERTIONS = NO;
				ENABLE_STRICT_OBJC_MSGSEND = YES;
				GCC_C_LANGUAGE_STANDARD = gnu99;
				GCC_NO_COMMON_BLOCKS = YES;
				GCC_WARN_64_TO_32_BIT_CONVERSION = YES;
				GCC_WARN_ABOUT_RETURN_TYPE = YES_ERROR;
				GCC_WARN_UNDECLARED_SELECTOR = YES;
				GCC_WARN_UNINITIALIZED_AUTOS = YES_AGGRESSIVE;
				GCC_WARN_UNUSED_FUNCTION = YES;
				GCC_WARN_UNUSED_VARIABLE = YES;
				IPHONEOS_DEPLOYMENT_TARGET = 10.2;
				MTL_ENABLE_DEBUG_INFO = NO;
				SDKROOT = iphoneos;
				SWIFT_OPTIMIZATION_LEVEL = "-Owholemodule";
				TARGETED_DEVICE_FAMILY = "1,2";
				VALIDATE_PRODUCT = YES;
			};
			name = Release;
		};
		43952F7F1E43C595001EE516 /* Debug */ = {
			isa = XCBuildConfiguration;
			buildSettings = {
				ASSETCATALOG_COMPILER_APPICON_NAME = AppIcon;
				INFOPLIST_FILE = DreamLister/Info.plist;
				LD_RUNPATH_SEARCH_PATHS = "$(inherited) @executable_path/Frameworks";
				PRODUCT_BUNDLE_IDENTIFIER = com.stupidfriendly.DreamLister;
				PRODUCT_NAME = "$(TARGET_NAME)";
				SWIFT_VERSION = 3.0;
			};
			name = Debug;
		};
		43952F801E43C595001EE516 /* Release */ = {
			isa = XCBuildConfiguration;
			buildSettings = {
				ASSETCATALOG_COMPILER_APPICON_NAME = AppIcon;
				INFOPLIST_FILE = DreamLister/Info.plist;
				LD_RUNPATH_SEARCH_PATHS = "$(inherited) @executable_path/Frameworks";
				PRODUCT_BUNDLE_IDENTIFIER = com.stupidfriendly.DreamLister;
				PRODUCT_NAME = "$(TARGET_NAME)";
				SWIFT_OPTIMIZATION_LEVEL = "-Onone";
				SWIFT_VERSION = 3.0;
			};
			name = Release;
		};
/* End XCBuildConfiguration section */

/* Begin XCConfigurationList section */
		43952F641E43C594001EE516 /* Build configuration list for PBXProject "DreamLister" */ = {
			isa = XCConfigurationList;
			buildConfigurations = (
				43952F7C1E43C595001EE516 /* Debug */,
				43952F7D1E43C595001EE516 /* Release */,
			);
			defaultConfigurationIsVisible = 0;
			defaultConfigurationName = Release;
		};
		43952F7E1E43C595001EE516 /* Build configuration list for PBXNativeTarget "DreamLister" */ = {
			isa = XCConfigurationList;
			buildConfigurations = (
				43952F7F1E43C595001EE516 /* Debug */,
				43952F801E43C595001EE516 /* Release */,
			);
			defaultConfigurationIsVisible = 0;
			defaultConfigurationName = Release;
		};
/* End XCConfigurationList section */

/* Begin XCVersionGroup section */
		43952F731E43C595001EE516 /* DreamLister.xcdatamodeld */ = {
			isa = XCVersionGroup;
			children = (
				43952F741E43C595001EE516 /* DreamLister.xcdatamodel */,
			);
			currentVersion = 43952F741E43C595001EE516 /* DreamLister.xcdatamodel */;
			path = DreamLister.xcdatamodeld;
			sourceTree = "<group>";
			versionGroupType = wrapper.xcdatamodel;
		};
/* End XCVersionGroup section */
	};
	rootObject = 43952F611E43C594001EE516 /* Project object */;
}
